
Microsoft Visual Studio Solution File, Format Version 12.00
# Visual Studio 15
VisualStudioVersion = 15.0.27130.2027
MinimumVisualStudioVersion = 15.0.26124.0
Project("{9A19103F-16F7-4668-BE54-9A1E7A4F7556}") = "Microsoft.HybridConnectionManager", "Microsoft.HybridConnectionManager\Microsoft.HybridConnectionManager.csproj", "{864AE8D8-F770-499B-A9E2-46E07C8FD3D2}"
EndProject
Project("{9A19103F-16F7-4668-BE54-9A1E7A4F7556}") = "mshcmhost", "mshcmhost\mshcmhost.csproj", "{AC769774-B065-41E8-B0AB-D15ED6B8D6A8}"
EndProject
Project("{FAE04EC0-301F-11D3-BF4B-00C04F79EFBC}") = "mshcmsvc", "mshcmsvc\mshcmsvc.csproj", "{3F446578-A0EE-465A-B97D-96504CD789E1}"
EndProject
Global
	GlobalSection(SolutionConfigurationPlatforms) = preSolution
		Debug|Any CPU = Debug|Any CPU
		Debug|x64 = Debug|x64
		Debug|x86 = Debug|x86
		Release|Any CPU = Release|Any CPU
		Release|x64 = Release|x64
		Release|x86 = Release|x86
	EndGlobalSection
	GlobalSection(ProjectConfigurationPlatforms) = postSolution
		{864AE8D8-F770-499B-A9E2-46E07C8FD3D2}.Debug|Any CPU.ActiveCfg = Debug|Any CPU
		{864AE8D8-F770-499B-A9E2-46E07C8FD3D2}.Debug|Any CPU.Build.0 = Debug|Any CPU
		{864AE8D8-F770-499B-A9E2-46E07C8FD3D2}.Debug|x64.ActiveCfg = Debug|Any CPU
		{864AE8D8-F770-499B-A9E2-46E07C8FD3D2}.Debug|x64.Build.0 = Debug|Any CPU
		{864AE8D8-F770-499B-A9E2-46E07C8FD3D2}.Debug|x86.ActiveCfg = Debug|Any CPU
		{864AE8D8-F770-499B-A9E2-46E07C8FD3D2}.Debug|x86.Build.0 = Debug|Any CPU
		{864AE8D8-F770-499B-A9E2-46E07C8FD3D2}.Release|Any CPU.ActiveCfg = Release|Any CPU
		{864AE8D8-F770-499B-A9E2-46E07C8FD3D2}.Release|Any CPU.Build.0 = Release|Any CPU
		{864AE8D8-F770-499B-A9E2-46E07C8FD3D2}.Release|x64.ActiveCfg = Release|Any CPU
		{864AE8D8-F770-499B-A9E2-46E07C8FD3D2}.Release|x64.Build.0 = Release|Any CPU
		{864AE8D8-F770-499B-A9E2-46E07C8FD3D2}.Release|x86.ActiveCfg = Release|Any CPU
		{864AE8D8-F770-499B-A9E2-46E07C8FD3D2}.Release|x86.Build.0 = Release|Any CPU
		{AC769774-B065-41E8-B0AB-D15ED6B8D6A8}.Debug|Any CPU.ActiveCfg = Debug|Any CPU
		{AC769774-B065-41E8-B0AB-D15ED6B8D6A8}.Debug|Any CPU.Build.0 = Debug|Any CPU
		{AC769774-B065-41E8-B0AB-D15ED6B8D6A8}.Debug|x64.ActiveCfg = Debug|Any CPU
		{AC769774-B065-41E8-B0AB-D15ED6B8D6A8}.Debug|x64.Build.0 = Debug|Any CPU
		{AC769774-B065-41E8-B0AB-D15ED6B8D6A8}.Debug|x86.ActiveCfg = Debug|Any CPU
		{AC769774-B065-41E8-B0AB-D15ED6B8D6A8}.Debug|x86.Build.0 = Debug|Any CPU
		{AC769774-B065-41E8-B0AB-D15ED6B8D6A8}.Release|Any CPU.ActiveCfg = Release|Any CPU
		{AC769774-B065-41E8-B0AB-D15ED6B8D6A8}.Release|Any CPU.Build.0 = Release|Any CPU
		{AC769774-B065-41E8-B0AB-D15ED6B8D6A8}.Release|x64.ActiveCfg = Release|Any CPU
		{AC769774-B065-41E8-B0AB-D15ED6B8D6A8}.Release|x64.Build.0 = Release|Any CPU
		{AC769774-B065-41E8-B0AB-D15ED6B8D6A8}.Release|x86.ActiveCfg = Release|Any CPU
		{AC769774-B065-41E8-B0AB-D15ED6B8D6A8}.Release|x86.Build.0 = Release|Any CPU
		{3F446578-A0EE-465A-B97D-96504CD789E1}.Debug|Any CPU.ActiveCfg = Debug|Any CPU
		{3F446578-A0EE-465A-B97D-96504CD789E1}.Debug|Any CPU.Build.0 = Debug|Any CPU
		{3F446578-A0EE-465A-B97D-96504CD789E1}.Debug|x64.ActiveCfg = Debug|Any CPU
		{3F446578-A0EE-465A-B97D-96504CD789E1}.Debug|x64.Build.0 = Debug|Any CPU
		{3F446578-A0EE-465A-B97D-96504CD789E1}.Debug|x86.ActiveCfg = Debug|Any CPU
		{3F446578-A0EE-465A-B97D-96504CD789E1}.Debug|x86.Build.0 = Debug|Any CPU
		{3F446578-A0EE-465A-B97D-96504CD789E1}.Release|Any CPU.ActiveCfg = Release|Any CPU
		{3F446578-A0EE-465A-B97D-96504CD789E1}.Release|Any CPU.Build.0 = Release|Any CPU
		{3F446578-A0EE-465A-B97D-96504CD789E1}.Release|x64.ActiveCfg = Release|Any CPU
		{3F446578-A0EE-465A-B97D-96504CD789E1}.Release|x64.Build.0 = Release|Any CPU
		{3F446578-A0EE-465A-B97D-96504CD789E1}.Release|x86.ActiveCfg = Release|Any CPU
		{3F446578-A0EE-465A-B97D-96504CD789E1}.Release|x86.Build.0 = Release|Any CPU
	EndGlobalSection
	GlobalSection(SolutionProperties) = preSolution
		HideSolutionNode = FALSE
	EndGlobalSection
	GlobalSection(ExtensibilityGlobals) = postSolution
		SolutionGuid = {AFA6AF67-D535-41A3-9100-A4FC85B77D81}
	EndGlobalSection
EndGlobal
