
Microsoft Visual Studio Solution File, Format Version 12.00
# Visual Studio Version 17
VisualStudioVersion = 17.3.32811.315
MinimumVisualStudioVersion = 15.0.26124.0
Project("{9A19103F-16F7-4668-BE54-9A1E7A4F7556}") = "Microsoft.Azure.Relay.Bridge", "src\Microsoft.Azure.Relay.Bridge\Microsoft.Azure.Relay.Bridge.csproj", "{864AE8D8-F770-499B-A9E2-46E07C8FD3D2}"
EndProject
Project("{9A19103F-16F7-4668-BE54-9A1E7A4F7556}") = "azbridge", "src\azbridge\azbridge.csproj", "{AC769774-B065-41E8-B0AB-D15ED6B8D6A8}"
EndProject
Project("{9A19103F-16F7-4668-BE54-9A1E7A4F7556}") = "Microsoft.Azure.Relay.Bridge.Tests", "test\unit\Microsoft.Azure.Relay.Bridge.Tests\Microsoft.Azure.Relay.Bridge.Tests.csproj", "{8D537DA4-409A-428E-926C-1009906AE5E2}"
EndProject
Project("{2150E333-8FDC-42A3-9474-1A3956D46DE8}") = "Solution Items", "Solution Items", "{81A22557-15D8-47E9-A19E-0335F16B25F3}"
	ProjectSection(SolutionItems) = preProject
		.gitattributes = .gitattributes
		.gitignore = .gitignore
		build.cmd = build.cmd
		build.sh = build.sh
		CONFIG.md = CONFIG.md
		CONTRIBUTING.md = CONTRIBUTING.md
		Directory.Build.props = Directory.Build.props
		Directory.Build.targets = Directory.Build.targets
		global.json = global.json
		INSTALLATION.md = INSTALLATION.md
		LICENSE.txt = LICENSE.txt
		NuGetPackageVerifier.json = NuGetPackageVerifier.json
		package-all.cmd = package-all.cmd
		package.cmd = package.cmd
		package.sh = package.sh
		README.md = README.md
		run.cmd = run.cmd
		run.ps1 = run.ps1
		run.sh = run.sh
		verify-build.cmd = verify-build.cmd
		verify-build.sh = verify-build.sh
		version.props = version.props
	EndProjectSection
EndProject
Project("{2150E333-8FDC-42A3-9474-1A3956D46DE8}") = "build", "build", "{8078DD38-3B9F-4841-8918-D4FD7C1D6E66}"
	ProjectSection(SolutionItems) = preProject
		build\Key.snk = build\Key.snk
		build\repo.props = build\repo.props
		build\sources.props = build\sources.props
	EndProjectSection
EndProject
Global
	GlobalSection(SolutionConfigurationPlatforms) = preSolution
		Debug|x64 = Debug|x64
		Debug|x86 = Debug|x86
		Release|x64 = Release|x64
		Release|x86 = Release|x86
	EndGlobalSection
	GlobalSection(ProjectConfigurationPlatforms) = postSolution
		{864AE8D8-F770-499B-A9E2-46E07C8FD3D2}.Debug|x64.ActiveCfg = Debug|Any CPU
		{864AE8D8-F770-499B-A9E2-46E07C8FD3D2}.Debug|x64.Build.0 = Debug|Any CPU
		{864AE8D8-F770-499B-A9E2-46E07C8FD3D2}.Debug|x86.ActiveCfg = Debug|Any CPU
		{864AE8D8-F770-499B-A9E2-46E07C8FD3D2}.Debug|x86.Build.0 = Debug|Any CPU
		{864AE8D8-F770-499B-A9E2-46E07C8FD3D2}.Release|x64.ActiveCfg = Release|Any CPU
		{864AE8D8-F770-499B-A9E2-46E07C8FD3D2}.Release|x64.Build.0 = Release|Any CPU
		{864AE8D8-F770-499B-A9E2-46E07C8FD3D2}.Release|x86.ActiveCfg = Release|Any CPU
		{864AE8D8-F770-499B-A9E2-46E07C8FD3D2}.Release|x86.Build.0 = Release|Any CPU
		{AC769774-B065-41E8-B0AB-D15ED6B8D6A8}.Debug|x64.ActiveCfg = Debug|Any CPU
		{AC769774-B065-41E8-B0AB-D15ED6B8D6A8}.Debug|x64.Build.0 = Debug|Any CPU
		{AC769774-B065-41E8-B0AB-D15ED6B8D6A8}.Debug|x86.ActiveCfg = Debug|Any CPU
		{AC769774-B065-41E8-B0AB-D15ED6B8D6A8}.Debug|x86.Build.0 = Debug|Any CPU
		{AC769774-B065-41E8-B0AB-D15ED6B8D6A8}.Release|x64.ActiveCfg = Release|Any CPU
		{AC769774-B065-41E8-B0AB-D15ED6B8D6A8}.Release|x64.Build.0 = Release|Any CPU
		{AC769774-B065-41E8-B0AB-D15ED6B8D6A8}.Release|x86.ActiveCfg = Release|Any CPU
		{AC769774-B065-41E8-B0AB-D15ED6B8D6A8}.Release|x86.Build.0 = Release|Any CPU
		{8D537DA4-409A-428E-926C-1009906AE5E2}.Debug|x64.ActiveCfg = Debug|Any CPU
		{8D537DA4-409A-428E-926C-1009906AE5E2}.Debug|x64.Build.0 = Debug|Any CPU
		{8D537DA4-409A-428E-926C-1009906AE5E2}.Debug|x86.ActiveCfg = Debug|Any CPU
		{8D537DA4-409A-428E-926C-1009906AE5E2}.Debug|x86.Build.0 = Debug|Any CPU
		{8D537DA4-409A-428E-926C-1009906AE5E2}.Release|x64.ActiveCfg = Release|Any CPU
		{8D537DA4-409A-428E-926C-1009906AE5E2}.Release|x64.Build.0 = Release|Any CPU
		{8D537DA4-409A-428E-926C-1009906AE5E2}.Release|x86.ActiveCfg = Release|Any CPU
		{8D537DA4-409A-428E-926C-1009906AE5E2}.Release|x86.Build.0 = Release|Any CPU
	EndGlobalSection
	GlobalSection(SolutionProperties) = preSolution
		HideSolutionNode = FALSE
	EndGlobalSection
	GlobalSection(NestedProjects) = preSolution
		{8078DD38-3B9F-4841-8918-D4FD7C1D6E66} = {81A22557-15D8-47E9-A19E-0335F16B25F3}
	EndGlobalSection
	GlobalSection(ExtensibilityGlobals) = postSolution
		SolutionGuid = {D0D3421B-73FA-45A4-AFD7-4159DAD73EA7}
	EndGlobalSection
EndGlobal
