
Microsoft Visual Studio Solution File, Format Version 12.00
# Visual Studio 15
VisualStudioVersion = 15.0.27130.2027
MinimumVisualStudioVersion = 15.0.26124.0
Project("{9A19103F-16F7-4668-BE54-9A1E7A4F7556}") = "Microsoft.Azure.Relay.Bridge", "src\Microsoft.Azure.Relay.Bridge\Microsoft.Azure.Relay.Bridge.csproj", "{864AE8D8-F770-499B-A9E2-46E07C8FD3D2}"
EndProject
Project("{9A19103F-16F7-4668-BE54-9A1E7A4F7556}") = "azbridge", "src\azbridge\azbridge.csproj", "{AC769774-B065-41E8-B0AB-D15ED6B8D6A8}"
EndProject
Project("{9A19103F-16F7-4668-BE54-9A1E7A4F7556}") = "Microsoft.Azure.Relay.Bridge.Tests", "test\Microsoft.Azure.Relay.Bridge.Tests\Microsoft.Azure.Relay.Bridge.Tests.csproj", "{8D537DA4-409A-428E-926C-1009906AE5E2}"
EndProject
Project("{2150E333-8FDC-42A3-9474-1A3956D46DE8}") = "Solution Items", "Solution Items", "{81A22557-15D8-47E9-A19E-0335F16B25F3}"
	ProjectSection(SolutionItems) = preProject
		.appveyor.yml = .appveyor.yml
		.gitattributes = .gitattributes
		.gitignore = .gitignore
		.travis.yml = .travis.yml
		build.cmd = build.cmd
		build.sh = build.sh
		CONFIG.md = CONFIG.md
		CONTRIBUTING.md = CONTRIBUTING.md
		Directory.Build.props = Directory.Build.props
		Directory.Build.targets = Directory.Build.targets
		global.json = global.json
		korebuild-lock.txt = korebuild-lock.txt
		korebuild.json = korebuild.json
		LICENSE.txt = LICENSE.txt
		NuGetPackageVerifier.json = NuGetPackageVerifier.json
		README.md = README.md
		run.cmd = run.cmd
		run.ps1 = run.ps1
		run.sh = run.sh
		version.props = version.props
	EndProjectSection
EndProject
Project("{2150E333-8FDC-42A3-9474-1A3956D46DE8}") = "build", "build", "{8078DD38-3B9F-4841-8918-D4FD7C1D6E66}"
	ProjectSection(SolutionItems) = preProject
		build\dependencies.props = build\dependencies.props
		build\Key.snk = build\Key.snk
		build\repo.props = build\repo.props
		build\sources.props = build\sources.props
	EndProjectSection
EndProject
Project("{930C7802-8A8C-48F9-8165-68863BCCD9DD}") = "azbridge-installer", "deploy\windows\azbridge-installer\azbridge-installer.wixproj", "{5496840B-EF30-44BE-A316-0B69790EA9A3}"
EndProject
Global
	GlobalSection(SolutionConfigurationPlatforms) = preSolution
		Debug|Any CPU = Debug|Any CPU
		Debug|x86 = Debug|x86
		Release|Any CPU = Release|Any CPU
		Release|x86 = Release|x86
	EndGlobalSection
	GlobalSection(ProjectConfigurationPlatforms) = postSolution
		{864AE8D8-F770-499B-A9E2-46E07C8FD3D2}.Debug|Any CPU.ActiveCfg = Debug|Any CPU
		{864AE8D8-F770-499B-A9E2-46E07C8FD3D2}.Debug|Any CPU.Build.0 = Debug|Any CPU
		{864AE8D8-F770-499B-A9E2-46E07C8FD3D2}.Debug|x86.ActiveCfg = Debug|Any CPU
		{864AE8D8-F770-499B-A9E2-46E07C8FD3D2}.Debug|x86.Build.0 = Debug|Any CPU
		{864AE8D8-F770-499B-A9E2-46E07C8FD3D2}.Release|Any CPU.ActiveCfg = Release|Any CPU
		{864AE8D8-F770-499B-A9E2-46E07C8FD3D2}.Release|Any CPU.Build.0 = Release|Any CPU
		{864AE8D8-F770-499B-A9E2-46E07C8FD3D2}.Release|x86.ActiveCfg = Release|Any CPU
		{864AE8D8-F770-499B-A9E2-46E07C8FD3D2}.Release|x86.Build.0 = Release|Any CPU
		{AC769774-B065-41E8-B0AB-D15ED6B8D6A8}.Debug|Any CPU.ActiveCfg = Debug|Any CPU
		{AC769774-B065-41E8-B0AB-D15ED6B8D6A8}.Debug|Any CPU.Build.0 = Debug|Any CPU
		{AC769774-B065-41E8-B0AB-D15ED6B8D6A8}.Debug|x86.ActiveCfg = Debug|Any CPU
		{AC769774-B065-41E8-B0AB-D15ED6B8D6A8}.Debug|x86.Build.0 = Debug|Any CPU
		{AC769774-B065-41E8-B0AB-D15ED6B8D6A8}.Release|Any CPU.ActiveCfg = Release|Any CPU
		{AC769774-B065-41E8-B0AB-D15ED6B8D6A8}.Release|Any CPU.Build.0 = Release|Any CPU
		{AC769774-B065-41E8-B0AB-D15ED6B8D6A8}.Release|x86.ActiveCfg = Release|Any CPU
		{AC769774-B065-41E8-B0AB-D15ED6B8D6A8}.Release|x86.Build.0 = Release|Any CPU
		{8D537DA4-409A-428E-926C-1009906AE5E2}.Debug|Any CPU.ActiveCfg = Debug|Any CPU
		{8D537DA4-409A-428E-926C-1009906AE5E2}.Debug|Any CPU.Build.0 = Debug|Any CPU
		{8D537DA4-409A-428E-926C-1009906AE5E2}.Debug|x86.ActiveCfg = Debug|Any CPU
		{8D537DA4-409A-428E-926C-1009906AE5E2}.Debug|x86.Build.0 = Debug|Any CPU
		{8D537DA4-409A-428E-926C-1009906AE5E2}.Release|Any CPU.ActiveCfg = Release|Any CPU
		{8D537DA4-409A-428E-926C-1009906AE5E2}.Release|Any CPU.Build.0 = Release|Any CPU
		{8D537DA4-409A-428E-926C-1009906AE5E2}.Release|x86.ActiveCfg = Release|Any CPU
		{8D537DA4-409A-428E-926C-1009906AE5E2}.Release|x86.Build.0 = Release|Any CPU
		{5496840B-EF30-44BE-A316-0B69790EA9A3}.Debug|Any CPU.ActiveCfg = Debug|x64
		{5496840B-EF30-44BE-A316-0B69790EA9A3}.Debug|x86.ActiveCfg = Debug|x86
		{5496840B-EF30-44BE-A316-0B69790EA9A3}.Debug|x86.Build.0 = Debug|x86
		{5496840B-EF30-44BE-A316-0B69790EA9A3}.Release|Any CPU.ActiveCfg = Release|x64
		{5496840B-EF30-44BE-A316-0B69790EA9A3}.Release|x86.ActiveCfg = Release|x86
		{5496840B-EF30-44BE-A316-0B69790EA9A3}.Release|x86.Build.0 = Release|x86
	EndGlobalSection
	GlobalSection(SolutionProperties) = preSolution
		HideSolutionNode = FALSE
	EndGlobalSection
	GlobalSection(NestedProjects) = preSolution
		{8078DD38-3B9F-4841-8918-D4FD7C1D6E66} = {81A22557-15D8-47E9-A19E-0335F16B25F3}
	EndGlobalSection
	GlobalSection(ExtensibilityGlobals) = postSolution
		SolutionGuid = {D0D3421B-73FA-45A4-AFD7-4159DAD73EA7}
	EndGlobalSection
EndGlobal
