Microsoft Visual Studio Solution File, Format Version 12.00
Project("{FAE04EC0-301F-11D3-BF4B-00C04F79EFBC}") = "HybridConnectionInstallHelper_csproj", "HybridConnectionInstallHelper.csproj", "{5A86ACC1-2EE7-460E-8496-73A05DFFCC39}"
EndProject
Global
	GlobalSection(SolutionConfigurationPlatforms) = preSolution
		VSMSBuild|Any CPU = VSMSBuild|Any CPU
	EndGlobalSection
	GlobalSection(ProjectConfigurationPlatforms) = postSolution
		{5A86ACC1-2EE7-460E-8496-73A05DFFCC39}.VSMSBuild|Any CPU.ActiveCfg = Debug|Any CPU
		{5A86ACC1-2EE7-460E-8496-73A05DFFCC39}.VSMSBuild|Any CPU.Build.0 = Debug|Any CPU
	EndGlobalSection
	GlobalSection(NestedProjects) = preSolution
	EndGlobalSection
EndGlobal
